
Microsoft Visual Studio Solution File, Format Version 12.00
# Visual Studio Version 16
VisualStudioVersion = 16.0.31729.503
MinimumVisualStudioVersion = 10.0.40219.1
Project("{FAE04EC0-301F-11D3-BF4B-00C04F79EFBC}") = "Crypto Price Viewer", "Crypto Price Viewer\Crypto Price Viewer.csproj", "{3568DF31-2E34-49A4-B4FC-BCF4FB2DFA0E}"
EndProject
Global
	GlobalSection(SolutionConfigurationPlatforms) = preSolution
		Debug|Any CPU = Debug|Any CPU
		Release|Any CPU = Release|Any CPU
	EndGlobalSection
	GlobalSection(ProjectConfigurationPlatforms) = postSolution
		{3568DF31-2E34-49A4-B4FC-BCF4FB2DFA0E}.Debug|Any CPU.ActiveCfg = Debug|Any CPU
		{3568DF31-2E34-49A4-B4FC-BCF4FB2DFA0E}.Debug|Any CPU.Build.0 = Debug|Any CPU
		{3568DF31-2E34-49A4-B4FC-BCF4FB2DFA0E}.Release|Any CPU.ActiveCfg = Release|Any CPU
		{3568DF31-2E34-49A4-B4FC-BCF4FB2DFA0E}.Release|Any CPU.Build.0 = Release|Any CPU
	EndGlobalSection
	GlobalSection(SolutionProperties) = preSolution
		HideSolutionNode = FALSE
	EndGlobalSection
	GlobalSection(ExtensibilityGlobals) = postSolution
		SolutionGuid = {6D75B821-5026-4E61-A06B-74AEC4947DC6}
	EndGlobalSection
EndGlobal
